
Microsoft Visual Studio Solution File, Format Version 12.00
# Visual Studio 15
VisualStudioVersion = 15.0.27130.2027
MinimumVisualStudioVersion = 10.0.40219.1
Project("{FAE04EC0-301F-11D3-BF4B-00C04F79EFBC}") = "Lab 2", "Lab 2\Lab 2.csproj", "{3EF9F028-E3A5-4447-B950-6D1A5110BA07}"
EndProject
Global
	GlobalSection(SolutionConfigurationPlatforms) = preSolution
		Debug|Any CPU = Debug|Any CPU
		Release|Any CPU = Release|Any CPU
	EndGlobalSection
	GlobalSection(ProjectConfigurationPlatforms) = postSolution
		{3EF9F028-E3A5-4447-B950-6D1A5110BA07}.Debug|Any CPU.ActiveCfg = Debug|Any CPU
		{3EF9F028-E3A5-4447-B950-6D1A5110BA07}.Debug|Any CPU.Build.0 = Debug|Any CPU
		{3EF9F028-E3A5-4447-B950-6D1A5110BA07}.Debug|Any CPU.Deploy.0 = Debug|Any CPU
		{3EF9F028-E3A5-4447-B950-6D1A5110BA07}.Release|Any CPU.ActiveCfg = Release|Any CPU
		{3EF9F028-E3A5-4447-B950-6D1A5110BA07}.Release|Any CPU.Build.0 = Release|Any CPU
		{3EF9F028-E3A5-4447-B950-6D1A5110BA07}.Release|Any CPU.Deploy.0 = Release|Any CPU
	EndGlobalSection
	GlobalSection(SolutionProperties) = preSolution
		HideSolutionNode = FALSE
	EndGlobalSection
	GlobalSection(ExtensibilityGlobals) = postSolution
		SolutionGuid = {370557AC-A6A9-4AA0-A380-453C0B4796FC}
	EndGlobalSection
EndGlobal
